
Microsoft Visual Studio Solution File, Format Version 12.00
# Visual Studio Version 17
VisualStudioVersion = 17.9.34622.214
MinimumVisualStudioVersion = 10.0.40219.1
Project("{9A19103F-16F7-4668-BE54-9A1E7A4F7556}") = "ECommerceSimpleAPI", "ECommerceSimpleAPI\ECommerceSimpleAPI.csproj", "{034BB950-C7AF-4228-BD6F-CE7602374595}"
EndProject
Project("{9A19103F-16F7-4668-BE54-9A1E7A4F7556}") = "ECommerce.Core", "ECommerce.Core\ECommerce.Core.csproj", "{72A1A2A5-A503-4214-8510-254D7FB6A258}"
EndProject
Project("{9A19103F-16F7-4668-BE54-9A1E7A4F7556}") = "ECommerce.Infrastructure", "ECommerce.Infrastructure\ECommerce.Infrastructure.csproj", "{BC1A8744-5FC3-4563-80E1-DDB5AA09E147}"
EndProject
Project("{9A19103F-16F7-4668-BE54-9A1E7A4F7556}") = "ECommerce.Services", "ECommerce.Services\ECommerce.Services.csproj", "{E3C3D345-378C-422E-9462-052A8AFB172D}"
EndProject
Project("{FAE04EC0-301F-11D3-BF4B-00C04F79EFBC}") = "ECommerce.Tests", "ECommerce.Tests\ECommerce.Tests.csproj", "{845D0A3F-BC46-4225-A803-171DEEEEBDC2}"
EndProject
Global
	GlobalSection(SolutionConfigurationPlatforms) = preSolution
		Debug|Any CPU = Debug|Any CPU
		Release|Any CPU = Release|Any CPU
	EndGlobalSection
	GlobalSection(ProjectConfigurationPlatforms) = postSolution
		{034BB950-C7AF-4228-BD6F-CE7602374595}.Debug|Any CPU.ActiveCfg = Debug|Any CPU
		{034BB950-C7AF-4228-BD6F-CE7602374595}.Debug|Any CPU.Build.0 = Debug|Any CPU
		{034BB950-C7AF-4228-BD6F-CE7602374595}.Release|Any CPU.ActiveCfg = Release|Any CPU
		{034BB950-C7AF-4228-BD6F-CE7602374595}.Release|Any CPU.Build.0 = Release|Any CPU
		{72A1A2A5-A503-4214-8510-254D7FB6A258}.Debug|Any CPU.ActiveCfg = Debug|Any CPU
		{72A1A2A5-A503-4214-8510-254D7FB6A258}.Debug|Any CPU.Build.0 = Debug|Any CPU
		{72A1A2A5-A503-4214-8510-254D7FB6A258}.Release|Any CPU.ActiveCfg = Release|Any CPU
		{72A1A2A5-A503-4214-8510-254D7FB6A258}.Release|Any CPU.Build.0 = Release|Any CPU
		{BC1A8744-5FC3-4563-80E1-DDB5AA09E147}.Debug|Any CPU.ActiveCfg = Debug|Any CPU
		{BC1A8744-5FC3-4563-80E1-DDB5AA09E147}.Debug|Any CPU.Build.0 = Debug|Any CPU
		{BC1A8744-5FC3-4563-80E1-DDB5AA09E147}.Release|Any CPU.ActiveCfg = Release|Any CPU
		{BC1A8744-5FC3-4563-80E1-DDB5AA09E147}.Release|Any CPU.Build.0 = Release|Any CPU
		{E3C3D345-378C-422E-9462-052A8AFB172D}.Debug|Any CPU.ActiveCfg = Debug|Any CPU
		{E3C3D345-378C-422E-9462-052A8AFB172D}.Debug|Any CPU.Build.0 = Debug|Any CPU
		{E3C3D345-378C-422E-9462-052A8AFB172D}.Release|Any CPU.ActiveCfg = Release|Any CPU
		{E3C3D345-378C-422E-9462-052A8AFB172D}.Release|Any CPU.Build.0 = Release|Any CPU
		{845D0A3F-BC46-4225-A803-171DEEEEBDC2}.Debug|Any CPU.ActiveCfg = Debug|Any CPU
		{845D0A3F-BC46-4225-A803-171DEEEEBDC2}.Debug|Any CPU.Build.0 = Debug|Any CPU
		{845D0A3F-BC46-4225-A803-171DEEEEBDC2}.Release|Any CPU.ActiveCfg = Release|Any CPU
		{845D0A3F-BC46-4225-A803-171DEEEEBDC2}.Release|Any CPU.Build.0 = Release|Any CPU
	EndGlobalSection
	GlobalSection(SolutionProperties) = preSolution
		HideSolutionNode = FALSE
	EndGlobalSection
	GlobalSection(ExtensibilityGlobals) = postSolution
		SolutionGuid = {670573FB-9DB7-494A-B57E-E762A39D6B49}
	EndGlobalSection
EndGlobal
